
Microsoft Visual Studio Solution File, Format Version 12.00
# Visual Studio Version 17
VisualStudioVersion = 17.0.31919.166
MinimumVisualStudioVersion = 10.0.40219.1
Project("{FAE04EC0-301F-11D3-BF4B-00C04F79EFBC}") = "RegExpTraining", "RegExpTraining\RegExpTraining.csproj", "{D3A152A2-E086-43E2-8960-79012DB8FFAB}"
EndProject
Global
	GlobalSection(SolutionConfigurationPlatforms) = preSolution
		Debug|Any CPU = Debug|Any CPU
		Release|Any CPU = Release|Any CPU
	EndGlobalSection
	GlobalSection(ProjectConfigurationPlatforms) = postSolution
		{D3A152A2-E086-43E2-8960-79012DB8FFAB}.Debug|Any CPU.ActiveCfg = Debug|Any CPU
		{D3A152A2-E086-43E2-8960-79012DB8FFAB}.Debug|Any CPU.Build.0 = Debug|Any CPU
		{D3A152A2-E086-43E2-8960-79012DB8FFAB}.Release|Any CPU.ActiveCfg = Release|Any CPU
		{D3A152A2-E086-43E2-8960-79012DB8FFAB}.Release|Any CPU.Build.0 = Release|Any CPU
	EndGlobalSection
	GlobalSection(SolutionProperties) = preSolution
		HideSolutionNode = FALSE
	EndGlobalSection
	GlobalSection(ExtensibilityGlobals) = postSolution
		SolutionGuid = {EA25BDF4-6BAE-4E9A-8B5B-ABE1551A5348}
	EndGlobalSection
EndGlobal
